
Microsoft Visual Studio Solution File, Format Version 12.00
# Visual Studio Version 16
VisualStudioVersion = 16.0.29905.134
MinimumVisualStudioVersion = 10.0.40219.1
Project("{FAE04EC0-301F-11D3-BF4B-00C04F79EFBC}") = "sorting-algorithms", "sorting-algorithms\sorting-algorithms.csproj", "{2945B163-7450-44DC-9496-556FC6132DEB}"
EndProject
Global
	GlobalSection(SolutionConfigurationPlatforms) = preSolution
		Debug|Any CPU = Debug|Any CPU
		Release|Any CPU = Release|Any CPU
	EndGlobalSection
	GlobalSection(ProjectConfigurationPlatforms) = postSolution
		{2945B163-7450-44DC-9496-556FC6132DEB}.Debug|Any CPU.ActiveCfg = Debug|Any CPU
		{2945B163-7450-44DC-9496-556FC6132DEB}.Debug|Any CPU.Build.0 = Debug|Any CPU
		{2945B163-7450-44DC-9496-556FC6132DEB}.Release|Any CPU.ActiveCfg = Release|Any CPU
		{2945B163-7450-44DC-9496-556FC6132DEB}.Release|Any CPU.Build.0 = Release|Any CPU
	EndGlobalSection
	GlobalSection(SolutionProperties) = preSolution
		HideSolutionNode = FALSE
	EndGlobalSection
	GlobalSection(ExtensibilityGlobals) = postSolution
		SolutionGuid = {047F4332-8FE4-4DF5-A0E6-76EB92D47B35}
	EndGlobalSection
EndGlobal
